
Microsoft Visual Studio Solution File, Format Version 12.00
# Visual Studio Version 16
VisualStudioVersion = 16.0.30907.101
MinimumVisualStudioVersion = 10.0.40219.1
Project("{FAE04EC0-301F-11D3-BF4B-00C04F79EFBC}") = "NewsTask", "NewsTask\NewsTask.csproj", "{61B901A0-B2A6-41DF-B595-AC2C5D1B41C9}"
EndProject
Global
	GlobalSection(SolutionConfigurationPlatforms) = preSolution
		Debug|Any CPU = Debug|Any CPU
		Release|Any CPU = Release|Any CPU
	EndGlobalSection
	GlobalSection(ProjectConfigurationPlatforms) = postSolution
		{61B901A0-B2A6-41DF-B595-AC2C5D1B41C9}.Debug|Any CPU.ActiveCfg = Debug|Any CPU
		{61B901A0-B2A6-41DF-B595-AC2C5D1B41C9}.Debug|Any CPU.Build.0 = Debug|Any CPU
		{61B901A0-B2A6-41DF-B595-AC2C5D1B41C9}.Release|Any CPU.ActiveCfg = Release|Any CPU
		{61B901A0-B2A6-41DF-B595-AC2C5D1B41C9}.Release|Any CPU.Build.0 = Release|Any CPU
	EndGlobalSection
	GlobalSection(SolutionProperties) = preSolution
		HideSolutionNode = FALSE
	EndGlobalSection
	GlobalSection(ExtensibilityGlobals) = postSolution
		SolutionGuid = {77C6A945-9D61-48CD-B50A-779A7A949A61}
	EndGlobalSection
EndGlobal
