
Microsoft Visual Studio Solution File, Format Version 12.00
# Visual Studio Version 16
VisualStudioVersion = 16.0.30907.101
MinimumVisualStudioVersion = 10.0.40219.1
Project("{FAE04EC0-301F-11D3-BF4B-00C04F79EFBC}") = "StudenForm", "StudenForm\StudenForm.csproj", "{158E3142-8125-4391-9A65-77BBC256F095}"
EndProject
Global
	GlobalSection(SolutionConfigurationPlatforms) = preSolution
		Debug|Any CPU = Debug|Any CPU
		Release|Any CPU = Release|Any CPU
	EndGlobalSection
	GlobalSection(ProjectConfigurationPlatforms) = postSolution
		{158E3142-8125-4391-9A65-77BBC256F095}.Debug|Any CPU.ActiveCfg = Debug|Any CPU
		{158E3142-8125-4391-9A65-77BBC256F095}.Debug|Any CPU.Build.0 = Debug|Any CPU
		{158E3142-8125-4391-9A65-77BBC256F095}.Release|Any CPU.ActiveCfg = Release|Any CPU
		{158E3142-8125-4391-9A65-77BBC256F095}.Release|Any CPU.Build.0 = Release|Any CPU
	EndGlobalSection
	GlobalSection(SolutionProperties) = preSolution
		HideSolutionNode = FALSE
	EndGlobalSection
	GlobalSection(ExtensibilityGlobals) = postSolution
		SolutionGuid = {5BB4602A-ECA4-4EB3-B4F9-37F602CEFE7C}
	EndGlobalSection
EndGlobal
